{
  "name": "frontend",
  "lockfileVersion": 3,
  "requires": true,
  "packages": {
    "": {
      "devDependencies": {
        "purs-tidy": "^0.11.1"
      }
    },
    "node_modules/purs-tidy": {
      "version": "0.11.1",
      "resolved": "https://registry.npmjs.org/purs-tidy/-/purs-tidy-0.11.1.tgz",
      "integrity": "sha512-5EAktcnu0mHuftnrpk1Iy7NiqKhxvE74HQRZB43i24Wabs/XclFvHSSE+amxmTr4QM/mcGx2B7ZyRprijnWqDg==",
      "dev": true,
      "license": "MIT",
      "bin": {
        "purs-tidy": "bin/index.js"
      }
    }
  }
}
